
Microsoft Visual Studio Solution File, Format Version 12.00
# Visual Studio 2013
VisualStudioVersion = 12.0.21005.1
MinimumVisualStudioVersion = 10.0.40219.1
Project("{2150E333-8FDC-42A3-9474-1A3956D46DE8}") = "DI.Abstraction", "DI.Abstraction", "{605B8979-6F2B-44AA-A7FF-513A5E51AD8E}"
EndProject
Project("{2150E333-8FDC-42A3-9474-1A3956D46DE8}") = "DI.Autofac", "DI.Autofac", "{4A1A239F-8BB9-4400-825B-F2AAA5B13AE1}"
EndProject
Project("{2150E333-8FDC-42A3-9474-1A3956D46DE8}") = "DI.Coupled", "DI.Coupled", "{E76652EB-6D6F-4FE9-BECC-835E634B3AB7}"
EndProject
Project("{2150E333-8FDC-42A3-9474-1A3956D46DE8}") = "DI.StructuredMap", "DI.StructuredMap", "{053D8371-69C1-49A9-9F87-B0430FE9970A}"
EndProject
Project("{2150E333-8FDC-42A3-9474-1A3956D46DE8}") = "DI.Unity", "DI.Unity", "{C4137FF0-8BC6-41F6-AD45-4F907E467297}"
EndProject
Project("{2150E333-8FDC-42A3-9474-1A3956D46DE8}") = "DI.WPF.One", "DI.WPF.One", "{DFFAC0EC-C37A-422F-96BB-F383BF4A5FF9}"
EndProject
Project("{2150E333-8FDC-42A3-9474-1A3956D46DE8}") = "Tests.Mocking", "Tests.Mocking", "{E490527B-6F15-4728-AE2D-9A366D3FFD2B}"
EndProject
Project("{FAE04EC0-301F-11D3-BF4B-00C04F79EFBC}") = "DI.Abstraction", "DI.Abstraction\DI.Abstraction.csproj", "{3B1141A1-2FF5-48CD-8956-A1E893CBCA5D}"
EndProject
Project("{FAE04EC0-301F-11D3-BF4B-00C04F79EFBC}") = "DI.Autofac", "DI.Autofac\DI.Autofac.csproj", "{925FB8E1-DA1D-4869-8866-008AB0A17044}"
EndProject
Project("{FAE04EC0-301F-11D3-BF4B-00C04F79EFBC}") = "DI.Coupled", "DI.Coupled\DI.Coupled.csproj", "{5B6F18FA-04DC-41C9-A25A-ED81F0971A99}"
EndProject
Project("{FAE04EC0-301F-11D3-BF4B-00C04F79EFBC}") = "DI.StructuredMap", "DI.StructuredMap\DI.StructuredMap.csproj", "{C2A7AFCA-B756-4A65-92C8-54ABD4C18A80}"
EndProject
Project("{FAE04EC0-301F-11D3-BF4B-00C04F79EFBC}") = "DI.Unity", "DI.Unity\DI.Unity.csproj", "{2A6C576B-07DE-4C12-AF97-CFB0EE74D84E}"
EndProject
Project("{FAE04EC0-301F-11D3-BF4B-00C04F79EFBC}") = "DI.WPF.One", "DI.WPF.One\DI.WPF.One.csproj", "{C8F25C44-69FD-4696-AC72-624D4734FBDD}"
EndProject
Project("{2150E333-8FDC-42A3-9474-1A3956D46DE8}") = "AutomationTests", "AutomationTests", "{53643B5C-4839-4F88-BE21-4DE5AD6EB1C2}"
EndProject
Project("{FAE04EC0-301F-11D3-BF4B-00C04F79EFBC}") = "UIAutomationController", "UIAutomationController\UIAutomationController.csproj", "{1E1E2E28-8CB2-44A4-818F-B2BF68EAFA62}"
EndProject
Project("{FAE04EC0-301F-11D3-BF4B-00C04F79EFBC}") = "UIAutomationTest", "UIAutomationTest\UIAutomationTest.csproj", "{00B6613A-0471-4AC8-9CCB-FC39E7D29D1F}"
EndProject
Project("{FAE04EC0-301F-11D3-BF4B-00C04F79EFBC}") = "MVVM_Checkbox", "MVVM_Checkbox\MVVM_Checkbox.csproj", "{EAEF2227-CECE-440A-9443-0D76A26A7CFE}"
EndProject
Project("{2150E333-8FDC-42A3-9474-1A3956D46DE8}") = "DI.Mediator", "DI.Mediator", "{4DFD3DA4-E925-4FC4-A2BF-DB830D9C4C54}"
EndProject
Project("{FAE04EC0-301F-11D3-BF4B-00C04F79EFBC}") = "DI_Mediator", "DI.Mediator\DI_Mediator.csproj", "{068E1E2B-12C0-4301-BA60-3159860C5B64}"
EndProject
Project("{FAE04EC0-301F-11D3-BF4B-00C04F79EFBC}") = "Mocking.IoC.DI", "Tests.Mocking\Mocking.IoC.DI.csproj", "{F8DDA6E8-BC47-4CCC-9EEE-84E48E667209}"
EndProject
Global
	GlobalSection(SolutionConfigurationPlatforms) = preSolution
		Debug|Any CPU = Debug|Any CPU
		Release|Any CPU = Release|Any CPU
	EndGlobalSection
	GlobalSection(ProjectConfigurationPlatforms) = postSolution
		{3B1141A1-2FF5-48CD-8956-A1E893CBCA5D}.Debug|Any CPU.ActiveCfg = Debug|Any CPU
		{3B1141A1-2FF5-48CD-8956-A1E893CBCA5D}.Debug|Any CPU.Build.0 = Debug|Any CPU
		{3B1141A1-2FF5-48CD-8956-A1E893CBCA5D}.Release|Any CPU.ActiveCfg = Release|Any CPU
		{3B1141A1-2FF5-48CD-8956-A1E893CBCA5D}.Release|Any CPU.Build.0 = Release|Any CPU
		{925FB8E1-DA1D-4869-8866-008AB0A17044}.Debug|Any CPU.ActiveCfg = Debug|Any CPU
		{925FB8E1-DA1D-4869-8866-008AB0A17044}.Debug|Any CPU.Build.0 = Debug|Any CPU
		{925FB8E1-DA1D-4869-8866-008AB0A17044}.Release|Any CPU.ActiveCfg = Release|Any CPU
		{925FB8E1-DA1D-4869-8866-008AB0A17044}.Release|Any CPU.Build.0 = Release|Any CPU
		{5B6F18FA-04DC-41C9-A25A-ED81F0971A99}.Debug|Any CPU.ActiveCfg = Debug|Any CPU
		{5B6F18FA-04DC-41C9-A25A-ED81F0971A99}.Debug|Any CPU.Build.0 = Debug|Any CPU
		{5B6F18FA-04DC-41C9-A25A-ED81F0971A99}.Release|Any CPU.ActiveCfg = Release|Any CPU
		{5B6F18FA-04DC-41C9-A25A-ED81F0971A99}.Release|Any CPU.Build.0 = Release|Any CPU
		{C2A7AFCA-B756-4A65-92C8-54ABD4C18A80}.Debug|Any CPU.ActiveCfg = Debug|Any CPU
		{C2A7AFCA-B756-4A65-92C8-54ABD4C18A80}.Debug|Any CPU.Build.0 = Debug|Any CPU
		{C2A7AFCA-B756-4A65-92C8-54ABD4C18A80}.Release|Any CPU.ActiveCfg = Release|Any CPU
		{C2A7AFCA-B756-4A65-92C8-54ABD4C18A80}.Release|Any CPU.Build.0 = Release|Any CPU
		{2A6C576B-07DE-4C12-AF97-CFB0EE74D84E}.Debug|Any CPU.ActiveCfg = Debug|Any CPU
		{2A6C576B-07DE-4C12-AF97-CFB0EE74D84E}.Debug|Any CPU.Build.0 = Debug|Any CPU
		{2A6C576B-07DE-4C12-AF97-CFB0EE74D84E}.Release|Any CPU.ActiveCfg = Release|Any CPU
		{2A6C576B-07DE-4C12-AF97-CFB0EE74D84E}.Release|Any CPU.Build.0 = Release|Any CPU
		{C8F25C44-69FD-4696-AC72-624D4734FBDD}.Debug|Any CPU.ActiveCfg = Debug|Any CPU
		{C8F25C44-69FD-4696-AC72-624D4734FBDD}.Debug|Any CPU.Build.0 = Debug|Any CPU
		{C8F25C44-69FD-4696-AC72-624D4734FBDD}.Release|Any CPU.ActiveCfg = Release|Any CPU
		{C8F25C44-69FD-4696-AC72-624D4734FBDD}.Release|Any CPU.Build.0 = Release|Any CPU
		{1E1E2E28-8CB2-44A4-818F-B2BF68EAFA62}.Debug|Any CPU.ActiveCfg = Debug|Any CPU
		{1E1E2E28-8CB2-44A4-818F-B2BF68EAFA62}.Debug|Any CPU.Build.0 = Debug|Any CPU
		{1E1E2E28-8CB2-44A4-818F-B2BF68EAFA62}.Release|Any CPU.ActiveCfg = Release|Any CPU
		{1E1E2E28-8CB2-44A4-818F-B2BF68EAFA62}.Release|Any CPU.Build.0 = Release|Any CPU
		{00B6613A-0471-4AC8-9CCB-FC39E7D29D1F}.Debug|Any CPU.ActiveCfg = Debug|Any CPU
		{00B6613A-0471-4AC8-9CCB-FC39E7D29D1F}.Debug|Any CPU.Build.0 = Debug|Any CPU
		{00B6613A-0471-4AC8-9CCB-FC39E7D29D1F}.Release|Any CPU.ActiveCfg = Release|Any CPU
		{00B6613A-0471-4AC8-9CCB-FC39E7D29D1F}.Release|Any CPU.Build.0 = Release|Any CPU
		{EAEF2227-CECE-440A-9443-0D76A26A7CFE}.Debug|Any CPU.ActiveCfg = Debug|Any CPU
		{EAEF2227-CECE-440A-9443-0D76A26A7CFE}.Debug|Any CPU.Build.0 = Debug|Any CPU
		{EAEF2227-CECE-440A-9443-0D76A26A7CFE}.Release|Any CPU.ActiveCfg = Release|Any CPU
		{EAEF2227-CECE-440A-9443-0D76A26A7CFE}.Release|Any CPU.Build.0 = Release|Any CPU
		{068E1E2B-12C0-4301-BA60-3159860C5B64}.Debug|Any CPU.ActiveCfg = Debug|Any CPU
		{068E1E2B-12C0-4301-BA60-3159860C5B64}.Debug|Any CPU.Build.0 = Debug|Any CPU
		{068E1E2B-12C0-4301-BA60-3159860C5B64}.Release|Any CPU.ActiveCfg = Release|Any CPU
		{068E1E2B-12C0-4301-BA60-3159860C5B64}.Release|Any CPU.Build.0 = Release|Any CPU
		{F8DDA6E8-BC47-4CCC-9EEE-84E48E667209}.Debug|Any CPU.ActiveCfg = Debug|Any CPU
		{F8DDA6E8-BC47-4CCC-9EEE-84E48E667209}.Debug|Any CPU.Build.0 = Debug|Any CPU
		{F8DDA6E8-BC47-4CCC-9EEE-84E48E667209}.Release|Any CPU.ActiveCfg = Release|Any CPU
		{F8DDA6E8-BC47-4CCC-9EEE-84E48E667209}.Release|Any CPU.Build.0 = Release|Any CPU
	EndGlobalSection
	GlobalSection(SolutionProperties) = preSolution
		HideSolutionNode = FALSE
	EndGlobalSection
	GlobalSection(NestedProjects) = preSolution
		{3B1141A1-2FF5-48CD-8956-A1E893CBCA5D} = {605B8979-6F2B-44AA-A7FF-513A5E51AD8E}
		{925FB8E1-DA1D-4869-8866-008AB0A17044} = {4A1A239F-8BB9-4400-825B-F2AAA5B13AE1}
		{5B6F18FA-04DC-41C9-A25A-ED81F0971A99} = {E76652EB-6D6F-4FE9-BECC-835E634B3AB7}
		{C2A7AFCA-B756-4A65-92C8-54ABD4C18A80} = {053D8371-69C1-49A9-9F87-B0430FE9970A}
		{2A6C576B-07DE-4C12-AF97-CFB0EE74D84E} = {C4137FF0-8BC6-41F6-AD45-4F907E467297}
		{C8F25C44-69FD-4696-AC72-624D4734FBDD} = {DFFAC0EC-C37A-422F-96BB-F383BF4A5FF9}
		{F8DDA6E8-BC47-4CCC-9EEE-84E48E667209} = {E490527B-6F15-4728-AE2D-9A366D3FFD2B}
		{1E1E2E28-8CB2-44A4-818F-B2BF68EAFA62} = {53643B5C-4839-4F88-BE21-4DE5AD6EB1C2}
		{00B6613A-0471-4AC8-9CCB-FC39E7D29D1F} = {53643B5C-4839-4F88-BE21-4DE5AD6EB1C2}
		{EAEF2227-CECE-440A-9443-0D76A26A7CFE} = {53643B5C-4839-4F88-BE21-4DE5AD6EB1C2}
		{068E1E2B-12C0-4301-BA60-3159860C5B64} = {4DFD3DA4-E925-4FC4-A2BF-DB830D9C4C54}
	EndGlobalSection
EndGlobal
